
Microsoft Visual Studio Solution File, Format Version 12.00
# Visual Studio Version 17
VisualStudioVersion = 17.7.34221.43
MinimumVisualStudioVersion = 10.0.40219.1
Project("{54A90642-561A-4BB1-A94E-469ADEE60C69}") = "Lab4", "Lab4.esproj", "{845109A9-4F16-47FD-9F81-9F885B82EC0D}"
EndProject
Global
	GlobalSection(SolutionConfigurationPlatforms) = preSolution
		Debug|Any CPU = Debug|Any CPU
		Release|Any CPU = Release|Any CPU
	EndGlobalSection
	GlobalSection(ProjectConfigurationPlatforms) = postSolution
		{845109A9-4F16-47FD-9F81-9F885B82EC0D}.Debug|Any CPU.ActiveCfg = Debug|Any CPU
		{845109A9-4F16-47FD-9F81-9F885B82EC0D}.Debug|Any CPU.Build.0 = Debug|Any CPU
		{845109A9-4F16-47FD-9F81-9F885B82EC0D}.Debug|Any CPU.Deploy.0 = Debug|Any CPU
		{845109A9-4F16-47FD-9F81-9F885B82EC0D}.Release|Any CPU.ActiveCfg = Release|Any CPU
		{845109A9-4F16-47FD-9F81-9F885B82EC0D}.Release|Any CPU.Build.0 = Release|Any CPU
		{845109A9-4F16-47FD-9F81-9F885B82EC0D}.Release|Any CPU.Deploy.0 = Release|Any CPU
	EndGlobalSection
	GlobalSection(SolutionProperties) = preSolution
		HideSolutionNode = FALSE
	EndGlobalSection
	GlobalSection(ExtensibilityGlobals) = postSolution
		SolutionGuid = {0F3CDB77-08C8-4007-A416-5AB69B8100FB}
	EndGlobalSection
EndGlobal
